// !$*UTF8*$!
{
	archiveVersion = 1;
	classes = {
	};
	objectVersion = 46;
	objects = {

/* Begin PBXBuildFile section */
		3B881D7F1CA8D51400BB3891 /* ColorOneViewController.swift in Sources */ = {isa = PBXBuildFile; fileRef = 3B881D7E1CA8D51400BB3891 /* ColorOneViewController.swift */; };
		3B881D811CA8DD4000BB3891 /* LaunchViewController.swift in Sources */ = {isa = PBXBuildFile; fileRef = 3B881D801CA8DD4000BB3891 /* LaunchViewController.swift */; };
		3BB30A591CA0F7DB0045B8CD /* BorderViewExtensions.swift in Sources */ = {isa = PBXBuildFile; fileRef = 3BB30A581CA0F7DB0045B8CD /* BorderViewExtensions.swift */; };
		3BCFA4FC1CA37EE7003178AD /* ProximityThreeViewController.swift in Sources */ = {isa = PBXBuildFile; fileRef = 3BCFA4FB1CA37EE7003178AD /* ProximityThreeViewController.swift */; };
		3BD1D4571C9BBA11006065C2 /* QuizViewController.swift in Sources */ = {isa = PBXBuildFile; fileRef = 3BD1D4561C9BBA11006065C2 /* QuizViewController.swift */; };
		3BD1D4591C9E0BA2006065C2 /* SuccessViewController.swift in Sources */ = {isa = PBXBuildFile; fileRef = 3BD1D4581C9E0BA2006065C2 /* SuccessViewController.swift */; };
		3BD1D45B1C9F5E8C006065C2 /* QuestionViewController.swift in Sources */ = {isa = PBXBuildFile; fileRef = 3BD1D45A1C9F5E8C006065C2 /* QuestionViewController.swift */; };
		3BD1D45D1CA0C3EE006065C2 /* ProximityTwoViewController.swift in Sources */ = {isa = PBXBuildFile; fileRef = 3BD1D45C1CA0C3EE006065C2 /* ProximityTwoViewController.swift */; };
		3BD36FE01C9A23C500F7254F /* ProximityOneViewController.swift in Sources */ = {isa = PBXBuildFile; fileRef = 3BD36FDF1C9A23C500F7254F /* ProximityOneViewController.swift */; };
		3BEF99761C9A69B2007B49DC /* Quiz.swift in Sources */ = {isa = PBXBuildFile; fileRef = 3BEF99751C9A69B2007B49DC /* Quiz.swift */; };
		3BEF99781C9A6A7D007B49DC /* Question.swift in Sources */ = {isa = PBXBuildFile; fileRef = 3BEF99771C9A6A7D007B49DC /* Question.swift */; };
		3BEF997A1C9A6B21007B49DC /* Answer.swift in Sources */ = {isa = PBXBuildFile; fileRef = 3BEF99791C9A6B21007B49DC /* Answer.swift */; };
		3BEF997C1C9A6BEB007B49DC /* MultipleChoiceViewController.swift in Sources */ = {isa = PBXBuildFile; fileRef = 3BEF997B1C9A6BEB007B49DC /* MultipleChoiceViewController.swift */; };
		3BEF99811C9A6ED5007B49DC /* Topic.swift in Sources */ = {isa = PBXBuildFile; fileRef = 3BEF99801C9A6ED5007B49DC /* Topic.swift */; };
		7E23B5471CA37C2100379B55 /* CircleViewExtensions.swift in Sources */ = {isa = PBXBuildFile; fileRef = 7E23B5461CA37C2100379B55 /* CircleViewExtensions.swift */; };
		7E288FA41C7D918F0046C82F /* AppDelegate.swift in Sources */ = {isa = PBXBuildFile; fileRef = 7E288FA31C7D918F0046C82F /* AppDelegate.swift */; };
		7E288FA91C7D918F0046C82F /* Main.storyboard in Resources */ = {isa = PBXBuildFile; fileRef = 7E288FA71C7D918F0046C82F /* Main.storyboard */; };
		7E288FAB1C7D918F0046C82F /* Assets.xcassets in Resources */ = {isa = PBXBuildFile; fileRef = 7E288FAA1C7D918F0046C82F /* Assets.xcassets */; };
		7E288FAE1C7D918F0046C82F /* LaunchScreen.storyboard in Resources */ = {isa = PBXBuildFile; fileRef = 7E288FAC1C7D918F0046C82F /* LaunchScreen.storyboard */; };
		7E39F2681C969BA9000E223B /* TopicViewController.swift in Sources */ = {isa = PBXBuildFile; fileRef = 7E39F2671C969BA9000E223B /* TopicViewController.swift */; };
		7E8988781C96156D006F3F8B /* HomeViewController.swift in Sources */ = {isa = PBXBuildFile; fileRef = 7E8988771C96156D006F3F8B /* HomeViewController.swift */; };
		7E89887C1C96322C006F3F8B /* TopicCell.swift in Sources */ = {isa = PBXBuildFile; fileRef = 7E89887B1C96322C006F3F8B /* TopicCell.swift */; };
		7EBE3EAB1C9A221F00EB4171 /* Color.swift in Sources */ = {isa = PBXBuildFile; fileRef = 7EBE3EAA1C9A221F00EB4171 /* Color.swift */; };
		D1EBC79193C49F17614E7E7A /* Pods_overlay.framework in Frameworks */ = {isa = PBXBuildFile; fileRef = 3F0FEFBA2F53027C8E7F1547 /* Pods_overlay.framework */; };
/* End PBXBuildFile section */

/* Begin PBXFileReference section */
		3B881D7E1CA8D51400BB3891 /* ColorOneViewController.swift */ = {isa = PBXFileReference; fileEncoding = 4; lastKnownFileType = sourcecode.swift; path = ColorOneViewController.swift; sourceTree = "<group>"; };
		3B881D801CA8DD4000BB3891 /* LaunchViewController.swift */ = {isa = PBXFileReference; fileEncoding = 4; lastKnownFileType = sourcecode.swift; path = LaunchViewController.swift; sourceTree = "<group>"; };
		3BB30A581CA0F7DB0045B8CD /* BorderViewExtensions.swift */ = {isa = PBXFileReference; fileEncoding = 4; lastKnownFileType = sourcecode.swift; path = BorderViewExtensions.swift; sourceTree = "<group>"; };
		3BCFA4FB1CA37EE7003178AD /* ProximityThreeViewController.swift */ = {isa = PBXFileReference; fileEncoding = 4; lastKnownFileType = sourcecode.swift; path = ProximityThreeViewController.swift; sourceTree = "<group>"; };
		3BD1D4561C9BBA11006065C2 /* QuizViewController.swift */ = {isa = PBXFileReference; fileEncoding = 4; lastKnownFileType = sourcecode.swift; path = QuizViewController.swift; sourceTree = "<group>"; };
		3BD1D4581C9E0BA2006065C2 /* SuccessViewController.swift */ = {isa = PBXFileReference; fileEncoding = 4; lastKnownFileType = sourcecode.swift; name = SuccessViewController.swift; path = ../SuccessViewController.swift; sourceTree = "<group>"; };
		3BD1D45A1C9F5E8C006065C2 /* QuestionViewController.swift */ = {isa = PBXFileReference; fileEncoding = 4; lastKnownFileType = sourcecode.swift; path = QuestionViewController.swift; sourceTree = "<group>"; };
		3BD1D45C1CA0C3EE006065C2 /* ProximityTwoViewController.swift */ = {isa = PBXFileReference; fileEncoding = 4; lastKnownFileType = sourcecode.swift; path = ProximityTwoViewController.swift; sourceTree = "<group>"; };
		3BD36FDF1C9A23C500F7254F /* ProximityOneViewController.swift */ = {isa = PBXFileReference; fileEncoding = 4; lastKnownFileType = sourcecode.swift; path = ProximityOneViewController.swift; sourceTree = "<group>"; };
		3BEF99751C9A69B2007B49DC /* Quiz.swift */ = {isa = PBXFileReference; fileEncoding = 4; lastKnownFileType = sourcecode.swift; path = Quiz.swift; sourceTree = "<group>"; };
		3BEF99771C9A6A7D007B49DC /* Question.swift */ = {isa = PBXFileReference; fileEncoding = 4; lastKnownFileType = sourcecode.swift; path = Question.swift; sourceTree = "<group>"; };
		3BEF99791C9A6B21007B49DC /* Answer.swift */ = {isa = PBXFileReference; fileEncoding = 4; lastKnownFileType = sourcecode.swift; path = Answer.swift; sourceTree = "<group>"; };
		3BEF997B1C9A6BEB007B49DC /* MultipleChoiceViewController.swift */ = {isa = PBXFileReference; fileEncoding = 4; lastKnownFileType = sourcecode.swift; path = MultipleChoiceViewController.swift; sourceTree = "<group>"; };
		3BEF99801C9A6ED5007B49DC /* Topic.swift */ = {isa = PBXFileReference; fileEncoding = 4; lastKnownFileType = sourcecode.swift; path = Topic.swift; sourceTree = "<group>"; };
		3F0FEFBA2F53027C8E7F1547 /* Pods_overlay.framework */ = {isa = PBXFileReference; explicitFileType = wrapper.framework; includeInIndex = 0; path = Pods_overlay.framework; sourceTree = BUILT_PRODUCTS_DIR; };
		4E3192B06282321065C2D21E /* Pods-overlay.debug.xcconfig */ = {isa = PBXFileReference; includeInIndex = 1; lastKnownFileType = text.xcconfig; name = "Pods-overlay.debug.xcconfig"; path = "Pods/Target Support Files/Pods-overlay/Pods-overlay.debug.xcconfig"; sourceTree = "<group>"; };
		7E23B5461CA37C2100379B55 /* CircleViewExtensions.swift */ = {isa = PBXFileReference; fileEncoding = 4; lastKnownFileType = sourcecode.swift; path = CircleViewExtensions.swift; sourceTree = "<group>"; };
		7E288FA01C7D918F0046C82F /* overlay.app */ = {isa = PBXFileReference; explicitFileType = wrapper.application; includeInIndex = 0; path = overlay.app; sourceTree = BUILT_PRODUCTS_DIR; };
		7E288FA31C7D918F0046C82F /* AppDelegate.swift */ = {isa = PBXFileReference; lastKnownFileType = sourcecode.swift; path = AppDelegate.swift; sourceTree = "<group>"; };
		7E288FA81C7D918F0046C82F /* Base */ = {isa = PBXFileReference; lastKnownFileType = file.storyboard; name = Base; path = Base.lproj/Main.storyboard; sourceTree = "<group>"; };
		7E288FAA1C7D918F0046C82F /* Assets.xcassets */ = {isa = PBXFileReference; lastKnownFileType = folder.assetcatalog; path = Assets.xcassets; sourceTree = "<group>"; };
		7E288FAD1C7D918F0046C82F /* Base */ = {isa = PBXFileReference; lastKnownFileType = file.storyboard; name = Base; path = Base.lproj/LaunchScreen.storyboard; sourceTree = "<group>"; };
		7E288FAF1C7D918F0046C82F /* Info.plist */ = {isa = PBXFileReference; lastKnownFileType = text.plist.xml; path = Info.plist; sourceTree = "<group>"; };
		7E39F2671C969BA9000E223B /* TopicViewController.swift */ = {isa = PBXFileReference; fileEncoding = 4; lastKnownFileType = sourcecode.swift; path = TopicViewController.swift; sourceTree = "<group>"; };
		7E8988771C96156D006F3F8B /* HomeViewController.swift */ = {isa = PBXFileReference; fileEncoding = 4; lastKnownFileType = sourcecode.swift; path = HomeViewController.swift; sourceTree = "<group>"; };
		7E89887B1C96322C006F3F8B /* TopicCell.swift */ = {isa = PBXFileReference; fileEncoding = 4; lastKnownFileType = sourcecode.swift; path = TopicCell.swift; sourceTree = "<group>"; };
		7EBE3EAA1C9A221F00EB4171 /* Color.swift */ = {isa = PBXFileReference; fileEncoding = 4; lastKnownFileType = sourcecode.swift; path = Color.swift; sourceTree = "<group>"; };
		BF940E331B05955B847A35A8 /* Pods-overlay.release.xcconfig */ = {isa = PBXFileReference; includeInIndex = 1; lastKnownFileType = text.xcconfig; name = "Pods-overlay.release.xcconfig"; path = "Pods/Target Support Files/Pods-overlay/Pods-overlay.release.xcconfig"; sourceTree = "<group>"; };
/* End PBXFileReference section */

/* Begin PBXFrameworksBuildPhase section */
		7E288F9D1C7D918F0046C82F /* Frameworks */ = {
			isa = PBXFrameworksBuildPhase;
			buildActionMask = 2147483647;
			files = (
				D1EBC79193C49F17614E7E7A /* Pods_overlay.framework in Frameworks */,
			);
			runOnlyForDeploymentPostprocessing = 0;
		};
/* End PBXFrameworksBuildPhase section */

/* Begin PBXGroup section */
		0C6630E81AE567BA370C5926 /* Frameworks */ = {
			isa = PBXGroup;
			children = (
				3F0FEFBA2F53027C8E7F1547 /* Pods_overlay.framework */,
			);
			name = Frameworks;
			sourceTree = "<group>";
		};
		0EB19C7AFDF694A31D52A3D1 /* Pods */ = {
			isa = PBXGroup;
			children = (
				4E3192B06282321065C2D21E /* Pods-overlay.debug.xcconfig */,
				BF940E331B05955B847A35A8 /* Pods-overlay.release.xcconfig */,
			);
			name = Pods;
			sourceTree = "<group>";
		};
		3BEF997D1C9A6E9E007B49DC /* Models */ = {
			isa = PBXGroup;
			children = (
				3BEF99801C9A6ED5007B49DC /* Topic.swift */,
				3BEF99751C9A69B2007B49DC /* Quiz.swift */,
				3BEF99771C9A6A7D007B49DC /* Question.swift */,
				3BEF99791C9A6B21007B49DC /* Answer.swift */,
			);
			name = Models;
			sourceTree = "<group>";
		};
		7E288F971C7D918F0046C82F = {
			isa = PBXGroup;
			children = (
				7E288FA21C7D918F0046C82F /* overlay */,
				7E288FA11C7D918F0046C82F /* Products */,
				0EB19C7AFDF694A31D52A3D1 /* Pods */,
				0C6630E81AE567BA370C5926 /* Frameworks */,
			);
			sourceTree = "<group>";
		};
		7E288FA11C7D918F0046C82F /* Products */ = {
			isa = PBXGroup;
			children = (
				7E288FA01C7D918F0046C82F /* overlay.app */,
			);
			name = Products;
			sourceTree = "<group>";
		};
		7E288FA21C7D918F0046C82F /* overlay */ = {
			isa = PBXGroup;
			children = (
				7E90EEB71CA0C97A00F0C70B /* Helpers */,
				3BEF997D1C9A6E9E007B49DC /* Models */,
				7E8988761C9613C8006F3F8B /* View Controllers */,
				7E288FA31C7D918F0046C82F /* AppDelegate.swift */,
				7E288FA71C7D918F0046C82F /* Main.storyboard */,
				7E288FAA1C7D918F0046C82F /* Assets.xcassets */,
				7E288FAC1C7D918F0046C82F /* LaunchScreen.storyboard */,
				7E288FAF1C7D918F0046C82F /* Info.plist */,
			);
			path = overlay;
			sourceTree = "<group>";
		};
		7E8988761C9613C8006F3F8B /* View Controllers */ = {
			isa = PBXGroup;
			children = (
				3B881D801CA8DD4000BB3891 /* LaunchViewController.swift */,
				3BD1D45A1C9F5E8C006065C2 /* QuestionViewController.swift */,
				7E8988771C96156D006F3F8B /* HomeViewController.swift */,
				7E89887B1C96322C006F3F8B /* TopicCell.swift */,
				7E39F2671C969BA9000E223B /* TopicViewController.swift */,
				3BD1D4561C9BBA11006065C2 /* QuizViewController.swift */,
				3BEF997B1C9A6BEB007B49DC /* MultipleChoiceViewController.swift */,
				3BD36FDF1C9A23C500F7254F /* ProximityOneViewController.swift */,
				3BD1D45C1CA0C3EE006065C2 /* ProximityTwoViewController.swift */,
				3BCFA4FB1CA37EE7003178AD /* ProximityThreeViewController.swift */,
				3B881D7E1CA8D51400BB3891 /* ColorOneViewController.swift */,
				3BD1D4581C9E0BA2006065C2 /* SuccessViewController.swift */,
			);
			name = "View Controllers";
			sourceTree = "<group>";
		};
		7E90EEB71CA0C97A00F0C70B /* Helpers */ = {
			isa = PBXGroup;
			children = (
				3BB30A581CA0F7DB0045B8CD /* BorderViewExtensions.swift */,
				7EBE3EAA1C9A221F00EB4171 /* Color.swift */,
				7E23B5461CA37C2100379B55 /* CircleViewExtensions.swift */,
			);
			name = Helpers;
			sourceTree = "<group>";
		};
/* End PBXGroup section */

/* Begin PBXNativeTarget section */
		7E288F9F1C7D918F0046C82F /* overlay */ = {
			isa = PBXNativeTarget;
			buildConfigurationList = 7E288FB21C7D918F0046C82F /* Build configuration list for PBXNativeTarget "overlay" */;
			buildPhases = (
				10F7B7ED5894B6A95690B242 /* Check Pods Manifest.lock */,
				7E288F9C1C7D918F0046C82F /* Sources */,
				7E288F9D1C7D918F0046C82F /* Frameworks */,
				7E288F9E1C7D918F0046C82F /* Resources */,
				BB07318C8BBD6DA1EB8F31FA /* Embed Pods Frameworks */,
				79BC98AC57D5442208B1FA5E /* Copy Pods Resources */,
			);
			buildRules = (
			);
			dependencies = (
			);
			name = overlay;
			productName = overlay;
			productReference = 7E288FA01C7D918F0046C82F /* overlay.app */;
			productType = "com.apple.product-type.application";
		};
/* End PBXNativeTarget section */

/* Begin PBXProject section */
		7E288F981C7D918F0046C82F /* Project object */ = {
			isa = PBXProject;
			attributes = {
				LastSwiftUpdateCheck = 0720;
				LastUpgradeCheck = 0720;
				ORGANIZATIONNAME = overlay;
				TargetAttributes = {
					7E288F9F1C7D918F0046C82F = {
						CreatedOnToolsVersion = 7.2.1;
						DevelopmentTeam = 8DCN22V7EM;
					};
				};
			};
			buildConfigurationList = 7E288F9B1C7D918F0046C82F /* Build configuration list for PBXProject "overlay" */;
			compatibilityVersion = "Xcode 3.2";
			developmentRegion = English;
			hasScannedForEncodings = 0;
			knownRegions = (
				en,
				Base,
			);
			mainGroup = 7E288F971C7D918F0046C82F;
			productRefGroup = 7E288FA11C7D918F0046C82F /* Products */;
			projectDirPath = "";
			projectRoot = "";
			targets = (
				7E288F9F1C7D918F0046C82F /* overlay */,
			);
		};
/* End PBXProject section */

/* Begin PBXResourcesBuildPhase section */
		7E288F9E1C7D918F0046C82F /* Resources */ = {
			isa = PBXResourcesBuildPhase;
			buildActionMask = 2147483647;
			files = (
				7E288FAE1C7D918F0046C82F /* LaunchScreen.storyboard in Resources */,
				7E288FAB1C7D918F0046C82F /* Assets.xcassets in Resources */,
				7E288FA91C7D918F0046C82F /* Main.storyboard in Resources */,
			);
			runOnlyForDeploymentPostprocessing = 0;
		};
/* End PBXResourcesBuildPhase section */

/* Begin PBXShellScriptBuildPhase section */
		10F7B7ED5894B6A95690B242 /* Check Pods Manifest.lock */ = {
			isa = PBXShellScriptBuildPhase;
			buildActionMask = 2147483647;
			files = (
			);
			inputPaths = (
			);
			name = "Check Pods Manifest.lock";
			outputPaths = (
			);
			runOnlyForDeploymentPostprocessing = 0;
			shellPath = /bin/sh;
			shellScript = "diff \"${PODS_ROOT}/../Podfile.lock\" \"${PODS_ROOT}/Manifest.lock\" > /dev/null\nif [[ $? != 0 ]] ; then\n    cat << EOM\nerror: The sandbox is not in sync with the Podfile.lock. Run 'pod install' or update your CocoaPods installation.\nEOM\n    exit 1\nfi\n";
			showEnvVarsInLog = 0;
		};
		79BC98AC57D5442208B1FA5E /* Copy Pods Resources */ = {
			isa = PBXShellScriptBuildPhase;
			buildActionMask = 2147483647;
			files = (
			);
			inputPaths = (
			);
			name = "Copy Pods Resources";
			outputPaths = (
			);
			runOnlyForDeploymentPostprocessing = 0;
			shellPath = /bin/sh;
			shellScript = "\"${SRCROOT}/Pods/Target Support Files/Pods-overlay/Pods-overlay-resources.sh\"\n";
			showEnvVarsInLog = 0;
		};
		BB07318C8BBD6DA1EB8F31FA /* Embed Pods Frameworks */ = {
			isa = PBXShellScriptBuildPhase;
			buildActionMask = 2147483647;
			files = (
			);
			inputPaths = (
			);
			name = "Embed Pods Frameworks";
			outputPaths = (
			);
			runOnlyForDeploymentPostprocessing = 0;
			shellPath = /bin/sh;
			shellScript = "\"${SRCROOT}/Pods/Target Support Files/Pods-overlay/Pods-overlay-frameworks.sh\"\n";
			showEnvVarsInLog = 0;
		};
/* End PBXShellScriptBuildPhase section */

/* Begin PBXSourcesBuildPhase section */
		7E288F9C1C7D918F0046C82F /* Sources */ = {
			isa = PBXSourcesBuildPhase;
			buildActionMask = 2147483647;
			files = (
				7E288FA41C7D918F0046C82F /* AppDelegate.swift in Sources */,
				3BEF99811C9A6ED5007B49DC /* Topic.swift in Sources */,
				3BD1D45D1CA0C3EE006065C2 /* ProximityTwoViewController.swift in Sources */,
				3B881D7F1CA8D51400BB3891 /* ColorOneViewController.swift in Sources */,
				3BEF997C1C9A6BEB007B49DC /* MultipleChoiceViewController.swift in Sources */,
				7EBE3EAB1C9A221F00EB4171 /* Color.swift in Sources */,
				3BEF99781C9A6A7D007B49DC /* Question.swift in Sources */,
				3BCFA4FC1CA37EE7003178AD /* ProximityThreeViewController.swift in Sources */,
				3BD36FE01C9A23C500F7254F /* ProximityOneViewController.swift in Sources */,
				7E89887C1C96322C006F3F8B /* TopicCell.swift in Sources */,
				3BD1D4591C9E0BA2006065C2 /* SuccessViewController.swift in Sources */,
				3BD1D4571C9BBA11006065C2 /* QuizViewController.swift in Sources */,
				7E39F2681C969BA9000E223B /* TopicViewController.swift in Sources */,
				3B881D811CA8DD4000BB3891 /* LaunchViewController.swift in Sources */,
				7E23B5471CA37C2100379B55 /* CircleViewExtensions.swift in Sources */,
				3BD1D45B1C9F5E8C006065C2 /* QuestionViewController.swift in Sources */,
				3BEF997A1C9A6B21007B49DC /* Answer.swift in Sources */,
				3BEF99761C9A69B2007B49DC /* Quiz.swift in Sources */,
				3BB30A591CA0F7DB0045B8CD /* BorderViewExtensions.swift in Sources */,
				7E8988781C96156D006F3F8B /* HomeViewController.swift in Sources */,
			);
			runOnlyForDeploymentPostprocessing = 0;
		};
/* End PBXSourcesBuildPhase section */

/* Begin PBXVariantGroup section */
		7E288FA71C7D918F0046C82F /* Main.storyboard */ = {
			isa = PBXVariantGroup;
			children = (
				7E288FA81C7D918F0046C82F /* Base */,
			);
			name = Main.storyboard;
			sourceTree = "<group>";
		};
		7E288FAC1C7D918F0046C82F /* LaunchScreen.storyboard */ = {
			isa = PBXVariantGroup;
			children = (
				7E288FAD1C7D918F0046C82F /* Base */,
			);
			name = LaunchScreen.storyboard;
			sourceTree = "<group>";
		};
/* End PBXVariantGroup section */

/* Begin XCBuildConfiguration section */
		7E288FB01C7D918F0046C82F /* Debug */ = {
			isa = XCBuildConfiguration;
			buildSettings = {
				ALWAYS_SEARCH_USER_PATHS = NO;
				CLANG_CXX_LANGUAGE_STANDARD = "gnu++0x";
				CLANG_CXX_LIBRARY = "libc++";
				CLANG_ENABLE_MODULES = YES;
				CLANG_ENABLE_OBJC_ARC = YES;
				CLANG_WARN_BOOL_CONVERSION = YES;
				CLANG_WARN_CONSTANT_CONVERSION = YES;
				CLANG_WARN_DIRECT_OBJC_ISA_USAGE = YES_ERROR;
				CLANG_WARN_EMPTY_BODY = YES;
				CLANG_WARN_ENUM_CONVERSION = YES;
				CLANG_WARN_INT_CONVERSION = YES;
				CLANG_WARN_OBJC_ROOT_CLASS = YES_ERROR;
				CLANG_WARN_UNREACHABLE_CODE = YES;
				CLANG_WARN__DUPLICATE_METHOD_MATCH = YES;
				"CODE_SIGN_IDENTITY[sdk=iphoneos*]" = "iPhone Developer";
				COPY_PHASE_STRIP = NO;
				DEBUG_INFORMATION_FORMAT = dwarf;
				ENABLE_STRICT_OBJC_MSGSEND = YES;
				ENABLE_TESTABILITY = YES;
				GCC_C_LANGUAGE_STANDARD = gnu99;
				GCC_DYNAMIC_NO_PIC = NO;
				GCC_NO_COMMON_BLOCKS = YES;
				GCC_OPTIMIZATION_LEVEL = 0;
				GCC_PREPROCESSOR_DEFINITIONS = (
					"DEBUG=1",
					"$(inherited)",
				);
				GCC_WARN_64_TO_32_BIT_CONVERSION = YES;
				GCC_WARN_ABOUT_RETURN_TYPE = YES_ERROR;
				GCC_WARN_UNDECLARED_SELECTOR = YES;
				GCC_WARN_UNINITIALIZED_AUTOS = YES_AGGRESSIVE;
				GCC_WARN_UNUSED_FUNCTION = YES;
				GCC_WARN_UNUSED_VARIABLE = YES;
				IPHONEOS_DEPLOYMENT_TARGET = 9.2;
				MTL_ENABLE_DEBUG_INFO = YES;
				ONLY_ACTIVE_ARCH = YES;
				SDKROOT = iphoneos;
				SWIFT_OPTIMIZATION_LEVEL = "-Onone";
			};
			name = Debug;
		};
		7E288FB11C7D918F0046C82F /* Release */ = {
			isa = XCBuildConfiguration;
			buildSettings = {
				ALWAYS_SEARCH_USER_PATHS = NO;
				CLANG_CXX_LANGUAGE_STANDARD = "gnu++0x";
				CLANG_CXX_LIBRARY = "libc++";
				CLANG_ENABLE_MODULES = YES;
				CLANG_ENABLE_OBJC_ARC = YES;
				CLANG_WARN_BOOL_CONVERSION = YES;
				CLANG_WARN_CONSTANT_CONVERSION = YES;
				CLANG_WARN_DIRECT_OBJC_ISA_USAGE = YES_ERROR;
				CLANG_WARN_EMPTY_BODY = YES;
				CLANG_WARN_ENUM_CONVERSION = YES;
				CLANG_WARN_INT_CONVERSION = YES;
				CLANG_WARN_OBJC_ROOT_CLASS = YES_ERROR;
				CLANG_WARN_UNREACHABLE_CODE = YES;
				CLANG_WARN__DUPLICATE_METHOD_MATCH = YES;
				"CODE_SIGN_IDENTITY[sdk=iphoneos*]" = "iPhone Developer";
				COPY_PHASE_STRIP = NO;
				DEBUG_INFORMATION_FORMAT = "dwarf-with-dsym";
				ENABLE_NS_ASSERTIONS = NO;
				ENABLE_STRICT_OBJC_MSGSEND = YES;
				GCC_C_LANGUAGE_STANDARD = gnu99;
				GCC_NO_COMMON_BLOCKS = YES;
				GCC_WARN_64_TO_32_BIT_CONVERSION = YES;
				GCC_WARN_ABOUT_RETURN_TYPE = YES_ERROR;
				GCC_WARN_UNDECLARED_SELECTOR = YES;
				GCC_WARN_UNINITIALIZED_AUTOS = YES_AGGRESSIVE;
				GCC_WARN_UNUSED_FUNCTION = YES;
				GCC_WARN_UNUSED_VARIABLE = YES;
				IPHONEOS_DEPLOYMENT_TARGET = 9.2;
				MTL_ENABLE_DEBUG_INFO = NO;
				SDKROOT = iphoneos;
				VALIDATE_PRODUCT = YES;
			};
			name = Release;
		};
		7E288FB31C7D918F0046C82F /* Debug */ = {
			isa = XCBuildConfiguration;
			baseConfigurationReference = 4E3192B06282321065C2D21E /* Pods-overlay.debug.xcconfig */;
			buildSettings = {
				ASSETCATALOG_COMPILER_APPICON_NAME = AppIcon;
				INFOPLIST_FILE = overlay/Info.plist;
				LD_RUNPATH_SEARCH_PATHS = "$(inherited) @executable_path/Frameworks";
				PRODUCT_BUNDLE_IDENTIFIER = overlay.overlay;
				PRODUCT_NAME = "$(TARGET_NAME)";
			};
			name = Debug;
		};
		7E288FB41C7D918F0046C82F /* Release */ = {
			isa = XCBuildConfiguration;
			baseConfigurationReference = BF940E331B05955B847A35A8 /* Pods-overlay.release.xcconfig */;
			buildSettings = {
				ASSETCATALOG_COMPILER_APPICON_NAME = AppIcon;
				INFOPLIST_FILE = overlay/Info.plist;
				LD_RUNPATH_SEARCH_PATHS = "$(inherited) @executable_path/Frameworks";
				PRODUCT_BUNDLE_IDENTIFIER = overlay.overlay;
				PRODUCT_NAME = "$(TARGET_NAME)";
			};
			name = Release;
		};
/* End XCBuildConfiguration section */

/* Begin XCConfigurationList section */
		7E288F9B1C7D918F0046C82F /* Build configuration list for PBXProject "overlay" */ = {
			isa = XCConfigurationList;
			buildConfigurations = (
				7E288FB01C7D918F0046C82F /* Debug */,
				7E288FB11C7D918F0046C82F /* Release */,
			);
			defaultConfigurationIsVisible = 0;
			defaultConfigurationName = Release;
		};
		7E288FB21C7D918F0046C82F /* Build configuration list for PBXNativeTarget "overlay" */ = {
			isa = XCConfigurationList;
			buildConfigurations = (
				7E288FB31C7D918F0046C82F /* Debug */,
				7E288FB41C7D918F0046C82F /* Release */,
			);
			defaultConfigurationIsVisible = 0;
			defaultConfigurationName = Release;
		};
/* End XCConfigurationList section */
	};
	rootObject = 7E288F981C7D918F0046C82F /* Project object */;
}
